
Microsoft Visual Studio Solution File, Format Version 12.00
# Visual Studio Version 17
VisualStudioVersion = 17.9.34622.214
MinimumVisualStudioVersion = 10.0.40219.1
Project("{FAE04EC0-301F-11D3-BF4B-00C04F79EFBC}") = "CO.CDP.Tenant.WebApi", "Services\CO.CDP.Tenant.WebApi\CO.CDP.Tenant.WebApi.csproj", "{C9278454-2E29-45D4-8F0F-F27C548E0B1F}"
EndProject
Project("{FAE04EC0-301F-11D3-BF4B-00C04F79EFBC}") = "CO.CDP.Tenant.WebApi.Tests", "Services\CO.CDP.Tenant.WebApi.Tests\CO.CDP.Tenant.WebApi.Tests.csproj", "{71129DB6-C02A-4476-A328-BA5822F22A8C}"
EndProject
Project("{FAE04EC0-301F-11D3-BF4B-00C04F79EFBC}") = "CO.CDP.Organisation.WebApi", "Services\CO.CDP.Organisation.WebApi\CO.CDP.Organisation.WebApi.csproj", "{F73306D3-A170-4849-8982-5FF3D1961362}"
EndProject
Project("{FAE04EC0-301F-11D3-BF4B-00C04F79EFBC}") = "CO.CDP.Person.WebApi", "Services\CO.CDP.Person.WebApi\CO.CDP.Person.WebApi.csproj", "{D9CC02AD-3031-496A-8E48-E736623D1B41}"
EndProject
Project("{FAE04EC0-301F-11D3-BF4B-00C04F79EFBC}") = "CO.CDP.DataSharing.WebApi", "Services\CO.CDP.DataSharing.WebApi\CO.CDP.DataSharing.WebApi.csproj", "{C5DD309E-CA59-4C82-BFC4-9374026A2B21}"
EndProject
Project("{FAE04EC0-301F-11D3-BF4B-00C04F79EFBC}") = "CO.CDP.Forms.WebApi", "Services\CO.CDP.Forms.WebApi\CO.CDP.Forms.WebApi.csproj", "{4298A4EF-B336-4809-95F0-AF5D73266A18}"
EndProject
Project("{FAE04EC0-301F-11D3-BF4B-00C04F79EFBC}") = "CO.CDP.Organisation.WebApi.Tests", "Services\CO.CDP.Organisation.WebApi.Tests\CO.CDP.Organisation.WebApi.Tests.csproj", "{41DF6448-6761-4000-9948-CA906100E55E}"
EndProject
Project("{FAE04EC0-301F-11D3-BF4B-00C04F79EFBC}") = "CO.CDP.Person.WebApi.Tests", "Services\CO.CDP.Person.WebApi.Tests\CO.CDP.Person.WebApi.Tests.csproj", "{24CCE329-0EE7-4677-A90F-47DB2F37AE4A}"
EndProject
Project("{FAE04EC0-301F-11D3-BF4B-00C04F79EFBC}") = "CO.CDP.Forms.WebApi.Tests", "Services\CO.CDP.Forms.WebApi.Tests\CO.CDP.Forms.WebApi.Tests.csproj", "{FE1C13BB-72CE-4EB4-98D3-C6A9B29E14E3}"
EndProject
Project("{FAE04EC0-301F-11D3-BF4B-00C04F79EFBC}") = "CO.CDP.DataSharing.WebApi.Tests", "Services\CO.CDP.DataSharing.WebApi.Tests\CO.CDP.DataSharing.WebApi.Tests.csproj", "{D5413393-FCD2-4BC0-8A2D-127952EE43D4}"
EndProject
Project("{FAE04EC0-301F-11D3-BF4B-00C04F79EFBC}") = "CO.CDP.OrganisationApp", "Frontend\CO.CDP.OrganisationApp\CO.CDP.OrganisationApp.csproj", "{379D2839-9ECA-4DC4-9BF3-12D1DFB25908}"
EndProject
Project("{FAE04EC0-301F-11D3-BF4B-00C04F79EFBC}") = "CO.CDP.OrganisationApp.Tests", "Frontend\CO.CDP.OrganisationApp.Tests\CO.CDP.OrganisationApp.Tests.csproj", "{F4C94C12-3FAC-4BE3-9924-5B2B2E2A5E04}"
Project("{FAE04EC0-301F-11D3-BF4B-00C04F79EFBC}") = "CO.CDP.Testcontainers.PostgreSql.Tests", "TestKit\CO.CDP.Testcontainers.PostgreSql.Tests\CO.CDP.Testcontainers.PostgreSql.Tests.csproj", "{EAC4F0BA-22F7-4A7B-8B9E-4EF536A32E8D}"
EndProject
Project("{FAE04EC0-301F-11D3-BF4B-00C04F79EFBC}") = "CO.CDP.Testcontainers.PostgreSql", "TestKit\CO.CDP.Testcontainers.PostgreSql\CO.CDP.Testcontainers.PostgreSql.csproj", "{A706D75A-4235-46FE-A2C2-DB7365BB732B}"
EndProject
Global
	GlobalSection(SolutionConfigurationPlatforms) = preSolution
		Debug|Any CPU = Debug|Any CPU
		Release|Any CPU = Release|Any CPU
	EndGlobalSection
	GlobalSection(ProjectConfigurationPlatforms) = postSolution
		{C9278454-2E29-45D4-8F0F-F27C548E0B1F}.Debug|Any CPU.ActiveCfg = Debug|Any CPU
		{C9278454-2E29-45D4-8F0F-F27C548E0B1F}.Debug|Any CPU.Build.0 = Debug|Any CPU
		{C9278454-2E29-45D4-8F0F-F27C548E0B1F}.Release|Any CPU.ActiveCfg = Release|Any CPU
		{C9278454-2E29-45D4-8F0F-F27C548E0B1F}.Release|Any CPU.Build.0 = Release|Any CPU
		{71129DB6-C02A-4476-A328-BA5822F22A8C}.Debug|Any CPU.ActiveCfg = Debug|Any CPU
		{71129DB6-C02A-4476-A328-BA5822F22A8C}.Debug|Any CPU.Build.0 = Debug|Any CPU
		{71129DB6-C02A-4476-A328-BA5822F22A8C}.Release|Any CPU.ActiveCfg = Release|Any CPU
		{71129DB6-C02A-4476-A328-BA5822F22A8C}.Release|Any CPU.Build.0 = Release|Any CPU
		{F73306D3-A170-4849-8982-5FF3D1961362}.Debug|Any CPU.ActiveCfg = Debug|Any CPU
		{F73306D3-A170-4849-8982-5FF3D1961362}.Debug|Any CPU.Build.0 = Debug|Any CPU
		{F73306D3-A170-4849-8982-5FF3D1961362}.Release|Any CPU.ActiveCfg = Release|Any CPU
		{F73306D3-A170-4849-8982-5FF3D1961362}.Release|Any CPU.Build.0 = Release|Any CPU
		{D9CC02AD-3031-496A-8E48-E736623D1B41}.Debug|Any CPU.ActiveCfg = Debug|Any CPU
		{D9CC02AD-3031-496A-8E48-E736623D1B41}.Debug|Any CPU.Build.0 = Debug|Any CPU
		{D9CC02AD-3031-496A-8E48-E736623D1B41}.Release|Any CPU.ActiveCfg = Release|Any CPU
		{D9CC02AD-3031-496A-8E48-E736623D1B41}.Release|Any CPU.Build.0 = Release|Any CPU
		{C5DD309E-CA59-4C82-BFC4-9374026A2B21}.Debug|Any CPU.ActiveCfg = Debug|Any CPU
		{C5DD309E-CA59-4C82-BFC4-9374026A2B21}.Debug|Any CPU.Build.0 = Debug|Any CPU
		{C5DD309E-CA59-4C82-BFC4-9374026A2B21}.Release|Any CPU.ActiveCfg = Release|Any CPU
		{C5DD309E-CA59-4C82-BFC4-9374026A2B21}.Release|Any CPU.Build.0 = Release|Any CPU
		{4298A4EF-B336-4809-95F0-AF5D73266A18}.Debug|Any CPU.ActiveCfg = Debug|Any CPU
		{4298A4EF-B336-4809-95F0-AF5D73266A18}.Debug|Any CPU.Build.0 = Debug|Any CPU
		{4298A4EF-B336-4809-95F0-AF5D73266A18}.Release|Any CPU.ActiveCfg = Release|Any CPU
		{4298A4EF-B336-4809-95F0-AF5D73266A18}.Release|Any CPU.Build.0 = Release|Any CPU
		{41DF6448-6761-4000-9948-CA906100E55E}.Debug|Any CPU.ActiveCfg = Debug|Any CPU
		{41DF6448-6761-4000-9948-CA906100E55E}.Debug|Any CPU.Build.0 = Debug|Any CPU
		{41DF6448-6761-4000-9948-CA906100E55E}.Release|Any CPU.ActiveCfg = Release|Any CPU
		{41DF6448-6761-4000-9948-CA906100E55E}.Release|Any CPU.Build.0 = Release|Any CPU
		{24CCE329-0EE7-4677-A90F-47DB2F37AE4A}.Debug|Any CPU.ActiveCfg = Debug|Any CPU
		{24CCE329-0EE7-4677-A90F-47DB2F37AE4A}.Debug|Any CPU.Build.0 = Debug|Any CPU
		{24CCE329-0EE7-4677-A90F-47DB2F37AE4A}.Release|Any CPU.ActiveCfg = Release|Any CPU
		{24CCE329-0EE7-4677-A90F-47DB2F37AE4A}.Release|Any CPU.Build.0 = Release|Any CPU
		{FE1C13BB-72CE-4EB4-98D3-C6A9B29E14E3}.Debug|Any CPU.ActiveCfg = Debug|Any CPU
		{FE1C13BB-72CE-4EB4-98D3-C6A9B29E14E3}.Debug|Any CPU.Build.0 = Debug|Any CPU
		{FE1C13BB-72CE-4EB4-98D3-C6A9B29E14E3}.Release|Any CPU.ActiveCfg = Release|Any CPU
		{FE1C13BB-72CE-4EB4-98D3-C6A9B29E14E3}.Release|Any CPU.Build.0 = Release|Any CPU
		{D5413393-FCD2-4BC0-8A2D-127952EE43D4}.Debug|Any CPU.ActiveCfg = Debug|Any CPU
		{D5413393-FCD2-4BC0-8A2D-127952EE43D4}.Debug|Any CPU.Build.0 = Debug|Any CPU
		{D5413393-FCD2-4BC0-8A2D-127952EE43D4}.Release|Any CPU.ActiveCfg = Release|Any CPU
		{D5413393-FCD2-4BC0-8A2D-127952EE43D4}.Release|Any CPU.Build.0 = Release|Any CPU
		{379D2839-9ECA-4DC4-9BF3-12D1DFB25908}.Debug|Any CPU.ActiveCfg = Debug|Any CPU
		{379D2839-9ECA-4DC4-9BF3-12D1DFB25908}.Debug|Any CPU.Build.0 = Debug|Any CPU
		{379D2839-9ECA-4DC4-9BF3-12D1DFB25908}.Release|Any CPU.ActiveCfg = Release|Any CPU
		{379D2839-9ECA-4DC4-9BF3-12D1DFB25908}.Release|Any CPU.Build.0 = Release|Any CPU
		{F4C94C12-3FAC-4BE3-9924-5B2B2E2A5E04}.Debug|Any CPU.ActiveCfg = Debug|Any CPU
		{F4C94C12-3FAC-4BE3-9924-5B2B2E2A5E04}.Debug|Any CPU.Build.0 = Debug|Any CPU
		{F4C94C12-3FAC-4BE3-9924-5B2B2E2A5E04}.Release|Any CPU.ActiveCfg = Release|Any CPU
		{F4C94C12-3FAC-4BE3-9924-5B2B2E2A5E04}.Release|Any CPU.Build.0 = Release|Any CPU
		{EAC4F0BA-22F7-4A7B-8B9E-4EF536A32E8D}.Debug|Any CPU.ActiveCfg = Debug|Any CPU
		{EAC4F0BA-22F7-4A7B-8B9E-4EF536A32E8D}.Debug|Any CPU.Build.0 = Debug|Any CPU
		{EAC4F0BA-22F7-4A7B-8B9E-4EF536A32E8D}.Release|Any CPU.ActiveCfg = Release|Any CPU
		{EAC4F0BA-22F7-4A7B-8B9E-4EF536A32E8D}.Release|Any CPU.Build.0 = Release|Any CPU
		{A706D75A-4235-46FE-A2C2-DB7365BB732B}.Debug|Any CPU.ActiveCfg = Debug|Any CPU
		{A706D75A-4235-46FE-A2C2-DB7365BB732B}.Debug|Any CPU.Build.0 = Debug|Any CPU
		{A706D75A-4235-46FE-A2C2-DB7365BB732B}.Release|Any CPU.ActiveCfg = Release|Any CPU
		{A706D75A-4235-46FE-A2C2-DB7365BB732B}.Release|Any CPU.Build.0 = Release|Any CPU
	EndGlobalSection
EndGlobal
