
Microsoft Visual Studio Solution File, Format Version 12.00
# Visual Studio Version 17
VisualStudioVersion = 17.9.34622.214
MinimumVisualStudioVersion = 10.0.40219.1
Project("{9A19103F-16F7-4668-BE54-9A1E7A4F7556}") = "CO.CDP.Tenant.WebApi", "Services\CO.CDP.Tenant.WebApi\CO.CDP.Tenant.WebApi.csproj", "{C9278454-2E29-45D4-8F0F-F27C548E0B1F}"
EndProject
Project("{9A19103F-16F7-4668-BE54-9A1E7A4F7556}") = "CO.CDP.Tenant.WebApi.Tests", "Services\CO.CDP.Tenant.WebApi.Tests\CO.CDP.Tenant.WebApi.Tests.csproj", "{71129DB6-C02A-4476-A328-BA5822F22A8C}"
EndProject
Project("{9A19103F-16F7-4668-BE54-9A1E7A4F7556}") = "CO.CDP.Organisation.WebApi", "Services\CO.CDP.Organisation.WebApi\CO.CDP.Organisation.WebApi.csproj", "{F73306D3-A170-4849-8982-5FF3D1961362}"
EndProject
Project("{9A19103F-16F7-4668-BE54-9A1E7A4F7556}") = "CO.CDP.Person.WebApi", "Services\CO.CDP.Person.WebApi\CO.CDP.Person.WebApi.csproj", "{D9CC02AD-3031-496A-8E48-E736623D1B41}"
EndProject
Project("{9A19103F-16F7-4668-BE54-9A1E7A4F7556}") = "CO.CDP.DataSharing.WebApi", "Services\CO.CDP.DataSharing.WebApi\CO.CDP.DataSharing.WebApi.csproj", "{C5DD309E-CA59-4C82-BFC4-9374026A2B21}"
EndProject
Project("{9A19103F-16F7-4668-BE54-9A1E7A4F7556}") = "CO.CDP.Forms.WebApi", "Services\CO.CDP.Forms.WebApi\CO.CDP.Forms.WebApi.csproj", "{4298A4EF-B336-4809-95F0-AF5D73266A18}"
EndProject
Project("{9A19103F-16F7-4668-BE54-9A1E7A4F7556}") = "CO.CDP.Organisation.WebApi.Tests", "Services\CO.CDP.Organisation.WebApi.Tests\CO.CDP.Organisation.WebApi.Tests.csproj", "{41DF6448-6761-4000-9948-CA906100E55E}"
EndProject
Project("{9A19103F-16F7-4668-BE54-9A1E7A4F7556}") = "CO.CDP.Person.WebApi.Tests", "Services\CO.CDP.Person.WebApi.Tests\CO.CDP.Person.WebApi.Tests.csproj", "{24CCE329-0EE7-4677-A90F-47DB2F37AE4A}"
EndProject
Project("{9A19103F-16F7-4668-BE54-9A1E7A4F7556}") = "CO.CDP.Forms.WebApi.Tests", "Services\CO.CDP.Forms.WebApi.Tests\CO.CDP.Forms.WebApi.Tests.csproj", "{FE1C13BB-72CE-4EB4-98D3-C6A9B29E14E3}"
EndProject
Project("{9A19103F-16F7-4668-BE54-9A1E7A4F7556}") = "CO.CDP.DataSharing.WebApi.Tests", "Services\CO.CDP.DataSharing.WebApi.Tests\CO.CDP.DataSharing.WebApi.Tests.csproj", "{D5413393-FCD2-4BC0-8A2D-127952EE43D4}"
EndProject
Project("{9A19103F-16F7-4668-BE54-9A1E7A4F7556}") = "CO.CDP.OrganisationApp", "Frontend\CO.CDP.OrganisationApp\CO.CDP.OrganisationApp.csproj", "{379D2839-9ECA-4DC4-9BF3-12D1DFB25908}"
EndProject
Project("{9A19103F-16F7-4668-BE54-9A1E7A4F7556}") = "CO.CDP.OrganisationApp.Tests", "Frontend\CO.CDP.OrganisationApp.Tests\CO.CDP.OrganisationApp.Tests.csproj", "{F4C94C12-3FAC-4BE3-9924-5B2B2E2A5E04}"
EndProject
Project("{9A19103F-16F7-4668-BE54-9A1E7A4F7556}") = "CO.CDP.Testcontainers.PostgreSql.Tests", "TestKit\CO.CDP.Testcontainers.PostgreSql.Tests\CO.CDP.Testcontainers.PostgreSql.Tests.csproj", "{EAC4F0BA-22F7-4A7B-8B9E-4EF536A32E8D}"
EndProject
Project("{9A19103F-16F7-4668-BE54-9A1E7A4F7556}") = "CO.CDP.Testcontainers.PostgreSql", "TestKit\CO.CDP.Testcontainers.PostgreSql\CO.CDP.Testcontainers.PostgreSql.csproj", "{A706D75A-4235-46FE-A2C2-DB7365BB732B}"
EndProject
Project("{9A19103F-16F7-4668-BE54-9A1E7A4F7556}") = "CO.CDP.OrganisationInformation.Persistence", "Services\CO.CDP.OrganisationInformation.Persistence\CO.CDP.OrganisationInformation.Persistence.csproj", "{446A0EFB-D623-4C5F-BB3E-8EAACF0D865C}"
EndProject
Project("{9A19103F-16F7-4668-BE54-9A1E7A4F7556}") = "CO.CDP.OrganisationInformation.Persistence.Tests", "Services\CO.CDP.OrganisationInformation.Persistence.Tests\CO.CDP.OrganisationInformation.Persistence.Tests.csproj", "{69F70A0E-7C9B-4DE8-9AF6-11C7E23A7DB1}"
EndProject
Project("{9A19103F-16F7-4668-BE54-9A1E7A4F7556}") = "CO.CDP.Tenant.WebApiClient", "Libraries\CO.CDP.Tenant.WebApiClient\CO.CDP.Tenant.WebApiClient.csproj", "{29F9AB38-BEE0-4522-97BC-CC3B3390E8B5}"
	ProjectSection(ProjectDependencies) = postProject
		{C9278454-2E29-45D4-8F0F-F27C548E0B1F} = {C9278454-2E29-45D4-8F0F-F27C548E0B1F}
	EndProjectSection
EndProject
Project("{9A19103F-16F7-4668-BE54-9A1E7A4F7556}") = "CO.CDP.Tenant.WebApiClient.Tests", "Libraries\CO.CDP.Tenant.WebApiClient.Tests\CO.CDP.Tenant.WebApiClient.Tests.csproj", "{ED9D64F1-9EF1-4784-848B-5C665394F6CA}"
EndProject
Project("{9A19103F-16F7-4668-BE54-9A1E7A4F7556}") = "CO.CDP.Organisation.WebApiClient", "Libraries\CO.CDP.Organisation.WebApiClient\CO.CDP.Organisation.WebApiClient.csproj", "{79DB776F-9818-4FCF-A8AD-B89BFD4F6ABB}"
	ProjectSection(ProjectDependencies) = postProject
		{F73306D3-A170-4849-8982-5FF3D1961362} = {F73306D3-A170-4849-8982-5FF3D1961362}
	EndProjectSection
EndProject
Project("{9A19103F-16F7-4668-BE54-9A1E7A4F7556}") = "CO.CDP.Organisation.WebApiClient.Tests", "Libraries\CO.CDP.Organisation.WebApiClient.Tests\CO.CDP.Organisation.WebApiClient.Tests.csproj", "{13DCC5D5-6DE3-49FB-BE07-4A9053AC7F2E}"
EndProject
Project("{9A19103F-16F7-4668-BE54-9A1E7A4F7556}") = "CO.CDP.Person.WebApiClient", "Libraries\CO.CDP.Person.WebApiClient\CO.CDP.Person.WebApiClient.csproj", "{5437873C-34C0-4E54-BE1B-B06021999473}"
	ProjectSection(ProjectDependencies) = postProject
		{D9CC02AD-3031-496A-8E48-E736623D1B41} = {D9CC02AD-3031-496A-8E48-E736623D1B41}
	EndProjectSection
EndProject
Project("{9A19103F-16F7-4668-BE54-9A1E7A4F7556}") = "CO.CDP.Person.WebApiClient.Tests", "Libraries\CO.CDP.Person.WebApiClient.Tests\CO.CDP.Person.WebApiClient.Tests.csproj", "{B8AF6C32-1FCE-4772-A06B-0652E67E7A93}"
EndProject
Project("{9A19103F-16F7-4668-BE54-9A1E7A4F7556}") = "CO.CDP.Common", "Libraries\CO.CDP.Common\CO.CDP.Common.csproj", "{4C11F7A1-6562-4D72-A657-D56BDF7CF0AF}"
EndProject
Project("{9A19103F-16F7-4668-BE54-9A1E7A4F7556}") = "CO.CDP.Common.Tests", "Libraries\CO.CDP.Common.Tests\CO.CDP.Common.Tests.csproj", "{02A3AF19-2506-4CFF-8083-5F517C013E1E}"
EndProject
Project("{9A19103F-16F7-4668-BE54-9A1E7A4F7556}") = "CO.CDP.TestKit.Mvc.Tests", "TestKit\CO.CDP.TestKit.Mvc.Tests\CO.CDP.TestKit.Mvc.Tests.csproj", "{72E8088E-3EA7-4A5A-8208-5FA2F9589537}"
EndProject
Project("{9A19103F-16F7-4668-BE54-9A1E7A4F7556}") = "CO.CDP.TestKit.Mvc", "TestKit\CO.CDP.TestKit.Mvc\CO.CDP.TestKit.Mvc.csproj", "{A34220C0-CE7E-4966-9175-111EE5D04676}"
EndProject
Project("{FAE04EC0-301F-11D3-BF4B-00C04F79EFBC}") = "CO.CDP.Swashbuckle", "Libraries\CO.CDP.Swashbuckle\CO.CDP.Swashbuckle.csproj", "{F84FB143-7483-4BE9-BD4A-8BF10E93E859}"
EndProject
Project("{FAE04EC0-301F-11D3-BF4B-00C04F79EFBC}") = "CO.CDP.Swashbuckle.Tests", "Libraries\CO.CDP.Swashbuckle.Tests\CO.CDP.Swashbuckle.Tests.csproj", "{9D53B3DD-81C0-4249-8284-5FCDE3151516}"
EndProject
Project("{FAE04EC0-301F-11D3-BF4B-00C04F79EFBC}") = "CO.CDP.OrganisationInformation", "Services\CO.CDP.OrganisationInformation\CO.CDP.OrganisationInformation.csproj", "{A214D6B4-31B5-4AD7-BE76-0FF0ACE9C807}"
EndProject
Project("{FAE04EC0-301F-11D3-BF4B-00C04F79EFBC}") = "CO.CDP.Mvc.Validation", "Libraries\CO.CDP.Mvc.Validation\CO.CDP.Mvc.Validation.csproj", "{668EA906-B2F6-4086-9113-4C1041914C7C}"
EndProject
Project("{FAE04EC0-301F-11D3-BF4B-00C04F79EFBC}") = "CO.CDP.Mvc.Validation.Tests", "Libraries\CO.CDP.Mvc.Validation.Tests\CO.CDP.Mvc.Validation.Tests.csproj", "{C9E4C41D-25C6-4E7C-91CA-DE95E12F4054}"
EndProject
Global
	GlobalSection(SolutionConfigurationPlatforms) = preSolution
		Debug|Any CPU = Debug|Any CPU
		Release|Any CPU = Release|Any CPU
	EndGlobalSection
	GlobalSection(ProjectConfigurationPlatforms) = postSolution
		{C9278454-2E29-45D4-8F0F-F27C548E0B1F}.Debug|Any CPU.ActiveCfg = Debug|Any CPU
		{C9278454-2E29-45D4-8F0F-F27C548E0B1F}.Debug|Any CPU.Build.0 = Debug|Any CPU
		{C9278454-2E29-45D4-8F0F-F27C548E0B1F}.Release|Any CPU.ActiveCfg = Release|Any CPU
		{C9278454-2E29-45D4-8F0F-F27C548E0B1F}.Release|Any CPU.Build.0 = Release|Any CPU
		{71129DB6-C02A-4476-A328-BA5822F22A8C}.Debug|Any CPU.ActiveCfg = Debug|Any CPU
		{71129DB6-C02A-4476-A328-BA5822F22A8C}.Debug|Any CPU.Build.0 = Debug|Any CPU
		{71129DB6-C02A-4476-A328-BA5822F22A8C}.Release|Any CPU.ActiveCfg = Release|Any CPU
		{71129DB6-C02A-4476-A328-BA5822F22A8C}.Release|Any CPU.Build.0 = Release|Any CPU
		{F73306D3-A170-4849-8982-5FF3D1961362}.Debug|Any CPU.ActiveCfg = Debug|Any CPU
		{F73306D3-A170-4849-8982-5FF3D1961362}.Debug|Any CPU.Build.0 = Debug|Any CPU
		{F73306D3-A170-4849-8982-5FF3D1961362}.Release|Any CPU.ActiveCfg = Release|Any CPU
		{F73306D3-A170-4849-8982-5FF3D1961362}.Release|Any CPU.Build.0 = Release|Any CPU
		{D9CC02AD-3031-496A-8E48-E736623D1B41}.Debug|Any CPU.ActiveCfg = Debug|Any CPU
		{D9CC02AD-3031-496A-8E48-E736623D1B41}.Debug|Any CPU.Build.0 = Debug|Any CPU
		{D9CC02AD-3031-496A-8E48-E736623D1B41}.Release|Any CPU.ActiveCfg = Release|Any CPU
		{D9CC02AD-3031-496A-8E48-E736623D1B41}.Release|Any CPU.Build.0 = Release|Any CPU
		{C5DD309E-CA59-4C82-BFC4-9374026A2B21}.Debug|Any CPU.ActiveCfg = Debug|Any CPU
		{C5DD309E-CA59-4C82-BFC4-9374026A2B21}.Debug|Any CPU.Build.0 = Debug|Any CPU
		{C5DD309E-CA59-4C82-BFC4-9374026A2B21}.Release|Any CPU.ActiveCfg = Release|Any CPU
		{C5DD309E-CA59-4C82-BFC4-9374026A2B21}.Release|Any CPU.Build.0 = Release|Any CPU
		{4298A4EF-B336-4809-95F0-AF5D73266A18}.Debug|Any CPU.ActiveCfg = Debug|Any CPU
		{4298A4EF-B336-4809-95F0-AF5D73266A18}.Debug|Any CPU.Build.0 = Debug|Any CPU
		{4298A4EF-B336-4809-95F0-AF5D73266A18}.Release|Any CPU.ActiveCfg = Release|Any CPU
		{4298A4EF-B336-4809-95F0-AF5D73266A18}.Release|Any CPU.Build.0 = Release|Any CPU
		{41DF6448-6761-4000-9948-CA906100E55E}.Debug|Any CPU.ActiveCfg = Debug|Any CPU
		{41DF6448-6761-4000-9948-CA906100E55E}.Debug|Any CPU.Build.0 = Debug|Any CPU
		{41DF6448-6761-4000-9948-CA906100E55E}.Release|Any CPU.ActiveCfg = Release|Any CPU
		{41DF6448-6761-4000-9948-CA906100E55E}.Release|Any CPU.Build.0 = Release|Any CPU
		{24CCE329-0EE7-4677-A90F-47DB2F37AE4A}.Debug|Any CPU.ActiveCfg = Debug|Any CPU
		{24CCE329-0EE7-4677-A90F-47DB2F37AE4A}.Debug|Any CPU.Build.0 = Debug|Any CPU
		{24CCE329-0EE7-4677-A90F-47DB2F37AE4A}.Release|Any CPU.ActiveCfg = Release|Any CPU
		{24CCE329-0EE7-4677-A90F-47DB2F37AE4A}.Release|Any CPU.Build.0 = Release|Any CPU
		{FE1C13BB-72CE-4EB4-98D3-C6A9B29E14E3}.Debug|Any CPU.ActiveCfg = Debug|Any CPU
		{FE1C13BB-72CE-4EB4-98D3-C6A9B29E14E3}.Debug|Any CPU.Build.0 = Debug|Any CPU
		{FE1C13BB-72CE-4EB4-98D3-C6A9B29E14E3}.Release|Any CPU.ActiveCfg = Release|Any CPU
		{FE1C13BB-72CE-4EB4-98D3-C6A9B29E14E3}.Release|Any CPU.Build.0 = Release|Any CPU
		{D5413393-FCD2-4BC0-8A2D-127952EE43D4}.Debug|Any CPU.ActiveCfg = Debug|Any CPU
		{D5413393-FCD2-4BC0-8A2D-127952EE43D4}.Debug|Any CPU.Build.0 = Debug|Any CPU
		{D5413393-FCD2-4BC0-8A2D-127952EE43D4}.Release|Any CPU.ActiveCfg = Release|Any CPU
		{D5413393-FCD2-4BC0-8A2D-127952EE43D4}.Release|Any CPU.Build.0 = Release|Any CPU
		{379D2839-9ECA-4DC4-9BF3-12D1DFB25908}.Debug|Any CPU.ActiveCfg = Debug|Any CPU
		{379D2839-9ECA-4DC4-9BF3-12D1DFB25908}.Debug|Any CPU.Build.0 = Debug|Any CPU
		{379D2839-9ECA-4DC4-9BF3-12D1DFB25908}.Release|Any CPU.ActiveCfg = Release|Any CPU
		{379D2839-9ECA-4DC4-9BF3-12D1DFB25908}.Release|Any CPU.Build.0 = Release|Any CPU
		{F4C94C12-3FAC-4BE3-9924-5B2B2E2A5E04}.Debug|Any CPU.ActiveCfg = Debug|Any CPU
		{F4C94C12-3FAC-4BE3-9924-5B2B2E2A5E04}.Debug|Any CPU.Build.0 = Debug|Any CPU
		{F4C94C12-3FAC-4BE3-9924-5B2B2E2A5E04}.Release|Any CPU.ActiveCfg = Release|Any CPU
		{F4C94C12-3FAC-4BE3-9924-5B2B2E2A5E04}.Release|Any CPU.Build.0 = Release|Any CPU
		{EAC4F0BA-22F7-4A7B-8B9E-4EF536A32E8D}.Debug|Any CPU.ActiveCfg = Debug|Any CPU
		{EAC4F0BA-22F7-4A7B-8B9E-4EF536A32E8D}.Debug|Any CPU.Build.0 = Debug|Any CPU
		{EAC4F0BA-22F7-4A7B-8B9E-4EF536A32E8D}.Release|Any CPU.ActiveCfg = Release|Any CPU
		{EAC4F0BA-22F7-4A7B-8B9E-4EF536A32E8D}.Release|Any CPU.Build.0 = Release|Any CPU
		{A706D75A-4235-46FE-A2C2-DB7365BB732B}.Debug|Any CPU.ActiveCfg = Debug|Any CPU
		{A706D75A-4235-46FE-A2C2-DB7365BB732B}.Debug|Any CPU.Build.0 = Debug|Any CPU
		{A706D75A-4235-46FE-A2C2-DB7365BB732B}.Release|Any CPU.ActiveCfg = Release|Any CPU
		{A706D75A-4235-46FE-A2C2-DB7365BB732B}.Release|Any CPU.Build.0 = Release|Any CPU
		{446A0EFB-D623-4C5F-BB3E-8EAACF0D865C}.Debug|Any CPU.ActiveCfg = Debug|Any CPU
		{446A0EFB-D623-4C5F-BB3E-8EAACF0D865C}.Debug|Any CPU.Build.0 = Debug|Any CPU
		{446A0EFB-D623-4C5F-BB3E-8EAACF0D865C}.Release|Any CPU.ActiveCfg = Release|Any CPU
		{446A0EFB-D623-4C5F-BB3E-8EAACF0D865C}.Release|Any CPU.Build.0 = Release|Any CPU
		{69F70A0E-7C9B-4DE8-9AF6-11C7E23A7DB1}.Debug|Any CPU.ActiveCfg = Debug|Any CPU
		{69F70A0E-7C9B-4DE8-9AF6-11C7E23A7DB1}.Debug|Any CPU.Build.0 = Debug|Any CPU
		{69F70A0E-7C9B-4DE8-9AF6-11C7E23A7DB1}.Release|Any CPU.ActiveCfg = Release|Any CPU
		{69F70A0E-7C9B-4DE8-9AF6-11C7E23A7DB1}.Release|Any CPU.Build.0 = Release|Any CPU
		{29F9AB38-BEE0-4522-97BC-CC3B3390E8B5}.Debug|Any CPU.ActiveCfg = Debug|Any CPU
		{29F9AB38-BEE0-4522-97BC-CC3B3390E8B5}.Debug|Any CPU.Build.0 = Debug|Any CPU
		{29F9AB38-BEE0-4522-97BC-CC3B3390E8B5}.Release|Any CPU.ActiveCfg = Release|Any CPU
		{29F9AB38-BEE0-4522-97BC-CC3B3390E8B5}.Release|Any CPU.Build.0 = Release|Any CPU
		{ED9D64F1-9EF1-4784-848B-5C665394F6CA}.Debug|Any CPU.ActiveCfg = Debug|Any CPU
		{ED9D64F1-9EF1-4784-848B-5C665394F6CA}.Debug|Any CPU.Build.0 = Debug|Any CPU
		{ED9D64F1-9EF1-4784-848B-5C665394F6CA}.Release|Any CPU.ActiveCfg = Release|Any CPU
		{ED9D64F1-9EF1-4784-848B-5C665394F6CA}.Release|Any CPU.Build.0 = Release|Any CPU
		{79DB776F-9818-4FCF-A8AD-B89BFD4F6ABB}.Debug|Any CPU.ActiveCfg = Debug|Any CPU
		{79DB776F-9818-4FCF-A8AD-B89BFD4F6ABB}.Debug|Any CPU.Build.0 = Debug|Any CPU
		{79DB776F-9818-4FCF-A8AD-B89BFD4F6ABB}.Release|Any CPU.ActiveCfg = Release|Any CPU
		{79DB776F-9818-4FCF-A8AD-B89BFD4F6ABB}.Release|Any CPU.Build.0 = Release|Any CPU
		{13DCC5D5-6DE3-49FB-BE07-4A9053AC7F2E}.Debug|Any CPU.ActiveCfg = Debug|Any CPU
		{13DCC5D5-6DE3-49FB-BE07-4A9053AC7F2E}.Debug|Any CPU.Build.0 = Debug|Any CPU
		{13DCC5D5-6DE3-49FB-BE07-4A9053AC7F2E}.Release|Any CPU.ActiveCfg = Release|Any CPU
		{13DCC5D5-6DE3-49FB-BE07-4A9053AC7F2E}.Release|Any CPU.Build.0 = Release|Any CPU
		{5437873C-34C0-4E54-BE1B-B06021999473}.Debug|Any CPU.ActiveCfg = Debug|Any CPU
		{5437873C-34C0-4E54-BE1B-B06021999473}.Debug|Any CPU.Build.0 = Debug|Any CPU
		{5437873C-34C0-4E54-BE1B-B06021999473}.Release|Any CPU.ActiveCfg = Release|Any CPU
		{5437873C-34C0-4E54-BE1B-B06021999473}.Release|Any CPU.Build.0 = Release|Any CPU
		{B8AF6C32-1FCE-4772-A06B-0652E67E7A93}.Debug|Any CPU.ActiveCfg = Debug|Any CPU
		{B8AF6C32-1FCE-4772-A06B-0652E67E7A93}.Debug|Any CPU.Build.0 = Debug|Any CPU
		{B8AF6C32-1FCE-4772-A06B-0652E67E7A93}.Release|Any CPU.ActiveCfg = Release|Any CPU
		{B8AF6C32-1FCE-4772-A06B-0652E67E7A93}.Release|Any CPU.Build.0 = Release|Any CPU
		{4C11F7A1-6562-4D72-A657-D56BDF7CF0AF}.Debug|Any CPU.ActiveCfg = Debug|Any CPU
		{4C11F7A1-6562-4D72-A657-D56BDF7CF0AF}.Debug|Any CPU.Build.0 = Debug|Any CPU
		{4C11F7A1-6562-4D72-A657-D56BDF7CF0AF}.Release|Any CPU.ActiveCfg = Release|Any CPU
		{4C11F7A1-6562-4D72-A657-D56BDF7CF0AF}.Release|Any CPU.Build.0 = Release|Any CPU
		{02A3AF19-2506-4CFF-8083-5F517C013E1E}.Debug|Any CPU.ActiveCfg = Debug|Any CPU
		{02A3AF19-2506-4CFF-8083-5F517C013E1E}.Debug|Any CPU.Build.0 = Debug|Any CPU
		{02A3AF19-2506-4CFF-8083-5F517C013E1E}.Release|Any CPU.ActiveCfg = Release|Any CPU
		{02A3AF19-2506-4CFF-8083-5F517C013E1E}.Release|Any CPU.Build.0 = Release|Any CPU
		{72E8088E-3EA7-4A5A-8208-5FA2F9589537}.Debug|Any CPU.ActiveCfg = Debug|Any CPU
		{72E8088E-3EA7-4A5A-8208-5FA2F9589537}.Debug|Any CPU.Build.0 = Debug|Any CPU
		{72E8088E-3EA7-4A5A-8208-5FA2F9589537}.Release|Any CPU.ActiveCfg = Release|Any CPU
		{72E8088E-3EA7-4A5A-8208-5FA2F9589537}.Release|Any CPU.Build.0 = Release|Any CPU
		{A34220C0-CE7E-4966-9175-111EE5D04676}.Debug|Any CPU.ActiveCfg = Debug|Any CPU
		{A34220C0-CE7E-4966-9175-111EE5D04676}.Debug|Any CPU.Build.0 = Debug|Any CPU
		{A34220C0-CE7E-4966-9175-111EE5D04676}.Release|Any CPU.ActiveCfg = Release|Any CPU
		{A34220C0-CE7E-4966-9175-111EE5D04676}.Release|Any CPU.Build.0 = Release|Any CPU
		{F84FB143-7483-4BE9-BD4A-8BF10E93E859}.Debug|Any CPU.ActiveCfg = Debug|Any CPU
		{F84FB143-7483-4BE9-BD4A-8BF10E93E859}.Debug|Any CPU.Build.0 = Debug|Any CPU
		{F84FB143-7483-4BE9-BD4A-8BF10E93E859}.Release|Any CPU.ActiveCfg = Release|Any CPU
		{F84FB143-7483-4BE9-BD4A-8BF10E93E859}.Release|Any CPU.Build.0 = Release|Any CPU
		{9D53B3DD-81C0-4249-8284-5FCDE3151516}.Debug|Any CPU.ActiveCfg = Debug|Any CPU
		{9D53B3DD-81C0-4249-8284-5FCDE3151516}.Debug|Any CPU.Build.0 = Debug|Any CPU
		{9D53B3DD-81C0-4249-8284-5FCDE3151516}.Release|Any CPU.ActiveCfg = Release|Any CPU
		{9D53B3DD-81C0-4249-8284-5FCDE3151516}.Release|Any CPU.Build.0 = Release|Any CPU
		{A214D6B4-31B5-4AD7-BE76-0FF0ACE9C807}.Debug|Any CPU.ActiveCfg = Debug|Any CPU
		{A214D6B4-31B5-4AD7-BE76-0FF0ACE9C807}.Debug|Any CPU.Build.0 = Debug|Any CPU
		{A214D6B4-31B5-4AD7-BE76-0FF0ACE9C807}.Release|Any CPU.ActiveCfg = Release|Any CPU
		{A214D6B4-31B5-4AD7-BE76-0FF0ACE9C807}.Release|Any CPU.Build.0 = Release|Any CPU
		{668EA906-B2F6-4086-9113-4C1041914C7C}.Debug|Any CPU.ActiveCfg = Debug|Any CPU
		{668EA906-B2F6-4086-9113-4C1041914C7C}.Debug|Any CPU.Build.0 = Debug|Any CPU
		{668EA906-B2F6-4086-9113-4C1041914C7C}.Release|Any CPU.ActiveCfg = Release|Any CPU
		{668EA906-B2F6-4086-9113-4C1041914C7C}.Release|Any CPU.Build.0 = Release|Any CPU
		{C9E4C41D-25C6-4E7C-91CA-DE95E12F4054}.Debug|Any CPU.ActiveCfg = Debug|Any CPU
		{C9E4C41D-25C6-4E7C-91CA-DE95E12F4054}.Debug|Any CPU.Build.0 = Debug|Any CPU
		{C9E4C41D-25C6-4E7C-91CA-DE95E12F4054}.Release|Any CPU.ActiveCfg = Release|Any CPU
		{C9E4C41D-25C6-4E7C-91CA-DE95E12F4054}.Release|Any CPU.Build.0 = Release|Any CPU
	EndGlobalSection
	GlobalSection(SolutionProperties) = preSolution
		HideSolutionNode = FALSE
	EndGlobalSection
	GlobalSection(ExtensibilityGlobals) = postSolution
		SolutionGuid = {0E6CB9A0-2955-4B92-9C53-84615B6B659B}
	EndGlobalSection
EndGlobal
